
Microsoft Visual Studio Solution File, Format Version 12.00
# Visual Studio Version 17
VisualStudioVersion = 17.6.33815.320
MinimumVisualStudioVersion = 10.0.40219.1
Project("{FAE04EC0-301F-11D3-BF4B-00C04F79EFBC}") = "ExersiceHouse", "ExersiceHouse\ExersiceHouse.csproj", "{0FAE85B2-B27C-48E2-B2B8-529D514AEA16}"
EndProject
Global
	GlobalSection(SolutionConfigurationPlatforms) = preSolution
		Debug|Any CPU = Debug|Any CPU
		Release|Any CPU = Release|Any CPU
	EndGlobalSection
	GlobalSection(ProjectConfigurationPlatforms) = postSolution
		{0FAE85B2-B27C-48E2-B2B8-529D514AEA16}.Debug|Any CPU.ActiveCfg = Debug|Any CPU
		{0FAE85B2-B27C-48E2-B2B8-529D514AEA16}.Debug|Any CPU.Build.0 = Debug|Any CPU
		{0FAE85B2-B27C-48E2-B2B8-529D514AEA16}.Release|Any CPU.ActiveCfg = Release|Any CPU
		{0FAE85B2-B27C-48E2-B2B8-529D514AEA16}.Release|Any CPU.Build.0 = Release|Any CPU
	EndGlobalSection
	GlobalSection(SolutionProperties) = preSolution
		HideSolutionNode = FALSE
	EndGlobalSection
	GlobalSection(ExtensibilityGlobals) = postSolution
		SolutionGuid = {96E3C2B5-E04B-438E-B09D-48ABD392E6C3}
	EndGlobalSection
EndGlobal
